{
  "name": "fortnite.js",
  "version": "1.3.2",
  "lockfileVersion": 1,
  "requires": true,
  "dependencies": {
    "snekfetch": {
      "version": "3.6.1",
      "resolved": "https://registry.npmjs.org/snekfetch/-/snekfetch-3.6.1.tgz",
      "integrity": "sha512-aLEvf1YR440pINb0LEo/SL2Q2s/A26+YEqPlx09A0XpGH7qWp8iqIFFolVILHn2yudWXJne9QWyQu+lzDp+ksQ=="
    }
  }
}
